# @generated by Move, please check-in and do not edit manually.

[move]
version = 3
manifest_digest = "41A6E9CA1295B42D268E364EA6ADC6DAA7D96D4A703351DC873CAC5F789A6AE0"
deps_digest = "3C4103934B1E040BB6B23F1D610B4EF9F2F1166A50A104EADCF77467C004C600"
dependencies = [
  { id = "CetusClmm", name = "CetusClmm" },
  { id = "Sui", name = "Sui" },
]

[[move.package]]
id = "CetusClmm"
source = { git = "https://github.com/CetusProtocol/cetus-clmm-interface.git", rev = "mainnet-v1.24.0", subdir = "sui/cetus_clmm" }

dependencies = [
  { id = "IntegerMate", name = "IntegerMate" },
  { id = "MoveSTL", name = "MoveSTL" },
  { id = "Sui", name = "Sui" },
]

[[move.package]]
id = "IntegerMate"
source = { git = "https://github.com/CetusProtocol/integer-mate.git", rev = "mainnet-v1.23.1", subdir = "sui" }

dependencies = [
  { id = "Sui", name = "Sui" },
]

[[move.package]]
id = "MoveSTL"
source = { git = "https://github.com/CetusProtocol/move-stl.git", rev = "mainnet-v1.23.1", subdir = "sui" }

dependencies = [
  { id = "Sui", name = "Sui" },
]

[[move.package]]
id = "MoveStdlib"
source = { git = "https://github.com/MystenLabs/sui.git", rev = "mainnet-v1.35.1", subdir = "crates/sui-framework/packages/move-stdlib" }

[[move.package]]
id = "Sui"
source = { git = "https://github.com/MystenLabs/sui.git", rev = "mainnet-v1.35.1", subdir = "crates/sui-framework/packages/sui-framework" }

dependencies = [
  { id = "MoveStdlib", name = "MoveStdlib" },
]

[move.toolchain-version]
compiler-version = "1.37.1"
edition = "2024.beta"
flavor = "sui"

[env]

[env.mainnet]
chain-id = "35834a8a"
original-published-id = "0x0eab2f47d1de0489e8ba85bd98d6bfc2ea27cf1c43937aa293b65c36c44bb421"
latest-published-id = "0x0eab2f47d1de0489e8ba85bd98d6bfc2ea27cf1c43937aa293b65c36c44bb421"
published-version = "1"
